
Microsoft Visual Studio Solution File, Format Version 12.00
# Visual Studio 2012
Project("{FAE04EC0-301F-11D3-BF4B-00C04F79EFBC}") = "QuakeViewer", "QuakeViewer\QuakeViewer.csproj", "{445A765C-E755-48D6-A555-E8F76CC13832}"
EndProject
Project("{FAE04EC0-301F-11D3-BF4B-00C04F79EFBC}") = "QuakeViewer.DAL", "QuakeViewer.DAL\QuakeViewer.DAL.csproj", "{03450541-E2E5-4560-B62C-EDA85458C709}"
EndProject
Project("{FAE04EC0-301F-11D3-BF4B-00C04F79EFBC}") = "QuakeViewer.Models", "QuakeViewer.Models\QuakeViewer.Models.csproj", "{237B8C86-039F-4831-828C-29E2C2DFCF83}"
EndProject
Project("{FAE04EC0-301F-11D3-BF4B-00C04F79EFBC}") = "QuakeViewer.Service", "QuakeVIewer.Service\QuakeVIewer.Service.csproj", "{148528EE-0404-48DB-BDC1-739195C8319E}"
EndProject
Project("{FAE04EC0-301F-11D3-BF4B-00C04F79EFBC}") = "QuakeViewer.Utils", "QuakeViewer.Utils\QuakeViewer.Utils.csproj", "{42219A02-FF08-435F-8266-381501349B76}"
EndProject
Global
	GlobalSection(SolutionConfigurationPlatforms) = preSolution
		Debug|Any CPU = Debug|Any CPU
		Release|Any CPU = Release|Any CPU
	EndGlobalSection
	GlobalSection(ProjectConfigurationPlatforms) = postSolution
		{445A765C-E755-48D6-A555-E8F76CC13832}.Debug|Any CPU.ActiveCfg = Debug|Any CPU
		{445A765C-E755-48D6-A555-E8F76CC13832}.Debug|Any CPU.Build.0 = Debug|Any CPU
		{445A765C-E755-48D6-A555-E8F76CC13832}.Release|Any CPU.ActiveCfg = Release|Any CPU
		{445A765C-E755-48D6-A555-E8F76CC13832}.Release|Any CPU.Build.0 = Release|Any CPU
		{03450541-E2E5-4560-B62C-EDA85458C709}.Debug|Any CPU.ActiveCfg = Debug|Any CPU
		{03450541-E2E5-4560-B62C-EDA85458C709}.Debug|Any CPU.Build.0 = Debug|Any CPU
		{03450541-E2E5-4560-B62C-EDA85458C709}.Release|Any CPU.ActiveCfg = Release|Any CPU
		{03450541-E2E5-4560-B62C-EDA85458C709}.Release|Any CPU.Build.0 = Release|Any CPU
		{237B8C86-039F-4831-828C-29E2C2DFCF83}.Debug|Any CPU.ActiveCfg = Debug|Any CPU
		{237B8C86-039F-4831-828C-29E2C2DFCF83}.Debug|Any CPU.Build.0 = Debug|Any CPU
		{237B8C86-039F-4831-828C-29E2C2DFCF83}.Release|Any CPU.ActiveCfg = Release|Any CPU
		{237B8C86-039F-4831-828C-29E2C2DFCF83}.Release|Any CPU.Build.0 = Release|Any CPU
		{148528EE-0404-48DB-BDC1-739195C8319E}.Debug|Any CPU.ActiveCfg = Debug|Any CPU
		{148528EE-0404-48DB-BDC1-739195C8319E}.Debug|Any CPU.Build.0 = Debug|Any CPU
		{148528EE-0404-48DB-BDC1-739195C8319E}.Release|Any CPU.ActiveCfg = Release|Any CPU
		{148528EE-0404-48DB-BDC1-739195C8319E}.Release|Any CPU.Build.0 = Release|Any CPU
		{42219A02-FF08-435F-8266-381501349B76}.Debug|Any CPU.ActiveCfg = Debug|Any CPU
		{42219A02-FF08-435F-8266-381501349B76}.Debug|Any CPU.Build.0 = Debug|Any CPU
		{42219A02-FF08-435F-8266-381501349B76}.Release|Any CPU.ActiveCfg = Release|Any CPU
		{42219A02-FF08-435F-8266-381501349B76}.Release|Any CPU.Build.0 = Release|Any CPU
	EndGlobalSection
EndGlobal
